
Microsoft Visual Studio Solution File, Format Version 12.00
# Visual Studio Version 17
VisualStudioVersion = 17.0.31903.59
MinimumVisualStudioVersion = 10.0.40219.1
Project("{2150E333-8FDC-42A3-9474-1A3956D46DE8}") = "src", "src", "{827E0CD3-B72D-47B6-A68D-7590B98EB39B}"
EndProject
Project("{FAE04EC0-301F-11D3-BF4B-00C04F79EFBC}") = "CRM.Domain", "src\CRM.Domain\CRM.Domain.csproj", "{961172A0-A494-4F6F-BAF0-ABFAAB95E90F}"
EndProject
Project("{FAE04EC0-301F-11D3-BF4B-00C04F79EFBC}") = "CRM.Application", "src\CRM.Application\CRM.Application.csproj", "{8543624A-EBBF-47DE-BDD4-3B50AA66D7FA}"
EndProject
Project("{FAE04EC0-301F-11D3-BF4B-00C04F79EFBC}") = "CRM.Infrastructure", "src\CRM.Infrastructure\CRM.Infrastructure.csproj", "{148CFD1D-C49B-4FB1-BAB5-2966FAC30265}"
EndProject
Project("{FAE04EC0-301F-11D3-BF4B-00C04F79EFBC}") = "CRM.Api", "src\CRM.Api\CRM.Api.csproj", "{6F1C1BAA-6515-4298-8344-80EEC64E03A7}"
EndProject
Project("{FAE04EC0-301F-11D3-BF4B-00C04F79EFBC}") = "CRM.Web", "src\CRM.Web\CRM.Web.csproj", "{DEC42564-B709-439D-B340-442A058A8A5C}"
EndProject
Project("{2150E333-8FDC-42A3-9474-1A3956D46DE8}") = "tests", "tests", "{0AB3BF05-4346-4AA6-1389-037BE0695223}"
EndProject
Project("{FAE04EC0-301F-11D3-BF4B-00C04F79EFBC}") = "CRM.UnitTests", "tests\CRM.UnitTests\CRM.UnitTests.csproj", "{DC88E888-3DC4-410A-BEAD-306D63972CE1}"
EndProject
Project("{FAE04EC0-301F-11D3-BF4B-00C04F79EFBC}") = "CRM.IntegrationTests", "tests\CRM.IntegrationTests\CRM.IntegrationTests.csproj", "{0B7A13A9-F6DC-4875-B0F7-E9EC2853308C}"
EndProject
Global
	GlobalSection(SolutionConfigurationPlatforms) = preSolution
		Debug|Any CPU = Debug|Any CPU
		Debug|x64 = Debug|x64
		Debug|x86 = Debug|x86
		Release|Any CPU = Release|Any CPU
		Release|x64 = Release|x64
		Release|x86 = Release|x86
	EndGlobalSection
	GlobalSection(ProjectConfigurationPlatforms) = postSolution
		{961172A0-A494-4F6F-BAF0-ABFAAB95E90F}.Debug|Any CPU.ActiveCfg = Debug|Any CPU
		{961172A0-A494-4F6F-BAF0-ABFAAB95E90F}.Debug|Any CPU.Build.0 = Debug|Any CPU
		{961172A0-A494-4F6F-BAF0-ABFAAB95E90F}.Debug|x64.ActiveCfg = Debug|Any CPU
		{961172A0-A494-4F6F-BAF0-ABFAAB95E90F}.Debug|x64.Build.0 = Debug|Any CPU
		{961172A0-A494-4F6F-BAF0-ABFAAB95E90F}.Debug|x86.ActiveCfg = Debug|Any CPU
		{961172A0-A494-4F6F-BAF0-ABFAAB95E90F}.Debug|x86.Build.0 = Debug|Any CPU
		{961172A0-A494-4F6F-BAF0-ABFAAB95E90F}.Release|Any CPU.ActiveCfg = Release|Any CPU
		{961172A0-A494-4F6F-BAF0-ABFAAB95E90F}.Release|Any CPU.Build.0 = Release|Any CPU
		{961172A0-A494-4F6F-BAF0-ABFAAB95E90F}.Release|x64.ActiveCfg = Release|Any CPU
		{961172A0-A494-4F6F-BAF0-ABFAAB95E90F}.Release|x64.Build.0 = Release|Any CPU
		{961172A0-A494-4F6F-BAF0-ABFAAB95E90F}.Release|x86.ActiveCfg = Release|Any CPU
		{961172A0-A494-4F6F-BAF0-ABFAAB95E90F}.Release|x86.Build.0 = Release|Any CPU
		{8543624A-EBBF-47DE-BDD4-3B50AA66D7FA}.Debug|Any CPU.ActiveCfg = Debug|Any CPU
		{8543624A-EBBF-47DE-BDD4-3B50AA66D7FA}.Debug|Any CPU.Build.0 = Debug|Any CPU
		{8543624A-EBBF-47DE-BDD4-3B50AA66D7FA}.Debug|x64.ActiveCfg = Debug|Any CPU
		{8543624A-EBBF-47DE-BDD4-3B50AA66D7FA}.Debug|x64.Build.0 = Debug|Any CPU
		{8543624A-EBBF-47DE-BDD4-3B50AA66D7FA}.Debug|x86.ActiveCfg = Debug|Any CPU
		{8543624A-EBBF-47DE-BDD4-3B50AA66D7FA}.Debug|x86.Build.0 = Debug|Any CPU
		{8543624A-EBBF-47DE-BDD4-3B50AA66D7FA}.Release|Any CPU.ActiveCfg = Release|Any CPU
		{8543624A-EBBF-47DE-BDD4-3B50AA66D7FA}.Release|Any CPU.Build.0 = Release|Any CPU
		{8543624A-EBBF-47DE-BDD4-3B50AA66D7FA}.Release|x64.ActiveCfg = Release|Any CPU
		{8543624A-EBBF-47DE-BDD4-3B50AA66D7FA}.Release|x64.Build.0 = Release|Any CPU
		{8543624A-EBBF-47DE-BDD4-3B50AA66D7FA}.Release|x86.ActiveCfg = Release|Any CPU
		{8543624A-EBBF-47DE-BDD4-3B50AA66D7FA}.Release|x86.Build.0 = Release|Any CPU
		{148CFD1D-C49B-4FB1-BAB5-2966FAC30265}.Debug|Any CPU.ActiveCfg = Debug|Any CPU
		{148CFD1D-C49B-4FB1-BAB5-2966FAC30265}.Debug|Any CPU.Build.0 = Debug|Any CPU
		{148CFD1D-C49B-4FB1-BAB5-2966FAC30265}.Debug|x64.ActiveCfg = Debug|Any CPU
		{148CFD1D-C49B-4FB1-BAB5-2966FAC30265}.Debug|x64.Build.0 = Debug|Any CPU
		{148CFD1D-C49B-4FB1-BAB5-2966FAC30265}.Debug|x86.ActiveCfg = Debug|Any CPU
		{148CFD1D-C49B-4FB1-BAB5-2966FAC30265}.Debug|x86.Build.0 = Debug|Any CPU
		{148CFD1D-C49B-4FB1-BAB5-2966FAC30265}.Release|Any CPU.ActiveCfg = Release|Any CPU
		{148CFD1D-C49B-4FB1-BAB5-2966FAC30265}.Release|Any CPU.Build.0 = Release|Any CPU
		{148CFD1D-C49B-4FB1-BAB5-2966FAC30265}.Release|x64.ActiveCfg = Release|Any CPU
		{148CFD1D-C49B-4FB1-BAB5-2966FAC30265}.Release|x64.Build.0 = Release|Any CPU
		{148CFD1D-C49B-4FB1-BAB5-2966FAC30265}.Release|x86.ActiveCfg = Release|Any CPU
		{148CFD1D-C49B-4FB1-BAB5-2966FAC30265}.Release|x86.Build.0 = Release|Any CPU
		{6F1C1BAA-6515-4298-8344-80EEC64E03A7}.Debug|Any CPU.ActiveCfg = Debug|Any CPU
		{6F1C1BAA-6515-4298-8344-80EEC64E03A7}.Debug|Any CPU.Build.0 = Debug|Any CPU
		{6F1C1BAA-6515-4298-8344-80EEC64E03A7}.Debug|x64.ActiveCfg = Debug|Any CPU
		{6F1C1BAA-6515-4298-8344-80EEC64E03A7}.Debug|x64.Build.0 = Debug|Any CPU
		{6F1C1BAA-6515-4298-8344-80EEC64E03A7}.Debug|x86.ActiveCfg = Debug|Any CPU
		{6F1C1BAA-6515-4298-8344-80EEC64E03A7}.Debug|x86.Build.0 = Debug|Any CPU
		{6F1C1BAA-6515-4298-8344-80EEC64E03A7}.Release|Any CPU.ActiveCfg = Release|Any CPU
		{6F1C1BAA-6515-4298-8344-80EEC64E03A7}.Release|Any CPU.Build.0 = Release|Any CPU
		{6F1C1BAA-6515-4298-8344-80EEC64E03A7}.Release|x64.ActiveCfg = Release|Any CPU
		{6F1C1BAA-6515-4298-8344-80EEC64E03A7}.Release|x64.Build.0 = Release|Any CPU
		{6F1C1BAA-6515-4298-8344-80EEC64E03A7}.Release|x86.ActiveCfg = Release|Any CPU
		{6F1C1BAA-6515-4298-8344-80EEC64E03A7}.Release|x86.Build.0 = Release|Any CPU
		{DEC42564-B709-439D-B340-442A058A8A5C}.Debug|Any CPU.ActiveCfg = Debug|Any CPU
		{DEC42564-B709-439D-B340-442A058A8A5C}.Debug|Any CPU.Build.0 = Debug|Any CPU
		{DEC42564-B709-439D-B340-442A058A8A5C}.Debug|x64.ActiveCfg = Debug|Any CPU
		{DEC42564-B709-439D-B340-442A058A8A5C}.Debug|x64.Build.0 = Debug|Any CPU
		{DEC42564-B709-439D-B340-442A058A8A5C}.Debug|x86.ActiveCfg = Debug|Any CPU
		{DEC42564-B709-439D-B340-442A058A8A5C}.Debug|x86.Build.0 = Debug|Any CPU
		{DEC42564-B709-439D-B340-442A058A8A5C}.Release|Any CPU.ActiveCfg = Release|Any CPU
		{DEC42564-B709-439D-B340-442A058A8A5C}.Release|Any CPU.Build.0 = Release|Any CPU
		{DEC42564-B709-439D-B340-442A058A8A5C}.Release|x64.ActiveCfg = Release|Any CPU
		{DEC42564-B709-439D-B340-442A058A8A5C}.Release|x64.Build.0 = Release|Any CPU
		{DEC42564-B709-439D-B340-442A058A8A5C}.Release|x86.ActiveCfg = Release|Any CPU
		{DEC42564-B709-439D-B340-442A058A8A5C}.Release|x86.Build.0 = Release|Any CPU
		{DC88E888-3DC4-410A-BEAD-306D63972CE1}.Debug|Any CPU.ActiveCfg = Debug|Any CPU
		{DC88E888-3DC4-410A-BEAD-306D63972CE1}.Debug|Any CPU.Build.0 = Debug|Any CPU
		{DC88E888-3DC4-410A-BEAD-306D63972CE1}.Debug|x64.ActiveCfg = Debug|Any CPU
		{DC88E888-3DC4-410A-BEAD-306D63972CE1}.Debug|x64.Build.0 = Debug|Any CPU
		{DC88E888-3DC4-410A-BEAD-306D63972CE1}.Debug|x86.ActiveCfg = Debug|Any CPU
		{DC88E888-3DC4-410A-BEAD-306D63972CE1}.Debug|x86.Build.0 = Debug|Any CPU
		{DC88E888-3DC4-410A-BEAD-306D63972CE1}.Release|Any CPU.ActiveCfg = Release|Any CPU
		{DC88E888-3DC4-410A-BEAD-306D63972CE1}.Release|Any CPU.Build.0 = Release|Any CPU
		{DC88E888-3DC4-410A-BEAD-306D63972CE1}.Release|x64.ActiveCfg = Release|Any CPU
		{DC88E888-3DC4-410A-BEAD-306D63972CE1}.Release|x64.Build.0 = Release|Any CPU
		{DC88E888-3DC4-410A-BEAD-306D63972CE1}.Release|x86.ActiveCfg = Release|Any CPU
		{DC88E888-3DC4-410A-BEAD-306D63972CE1}.Release|x86.Build.0 = Release|Any CPU
		{0B7A13A9-F6DC-4875-B0F7-E9EC2853308C}.Debug|Any CPU.ActiveCfg = Debug|Any CPU
		{0B7A13A9-F6DC-4875-B0F7-E9EC2853308C}.Debug|Any CPU.Build.0 = Debug|Any CPU
		{0B7A13A9-F6DC-4875-B0F7-E9EC2853308C}.Debug|x64.ActiveCfg = Debug|Any CPU
		{0B7A13A9-F6DC-4875-B0F7-E9EC2853308C}.Debug|x64.Build.0 = Debug|Any CPU
		{0B7A13A9-F6DC-4875-B0F7-E9EC2853308C}.Debug|x86.ActiveCfg = Debug|Any CPU
		{0B7A13A9-F6DC-4875-B0F7-E9EC2853308C}.Debug|x86.Build.0 = Debug|Any CPU
		{0B7A13A9-F6DC-4875-B0F7-E9EC2853308C}.Release|Any CPU.ActiveCfg = Release|Any CPU
		{0B7A13A9-F6DC-4875-B0F7-E9EC2853308C}.Release|Any CPU.Build.0 = Release|Any CPU
		{0B7A13A9-F6DC-4875-B0F7-E9EC2853308C}.Release|x64.ActiveCfg = Release|Any CPU
		{0B7A13A9-F6DC-4875-B0F7-E9EC2853308C}.Release|x64.Build.0 = Release|Any CPU
		{0B7A13A9-F6DC-4875-B0F7-E9EC2853308C}.Release|x86.ActiveCfg = Release|Any CPU
		{0B7A13A9-F6DC-4875-B0F7-E9EC2853308C}.Release|x86.Build.0 = Release|Any CPU
	EndGlobalSection
	GlobalSection(SolutionProperties) = preSolution
		HideSolutionNode = FALSE
	EndGlobalSection
	GlobalSection(NestedProjects) = preSolution
		{961172A0-A494-4F6F-BAF0-ABFAAB95E90F} = {827E0CD3-B72D-47B6-A68D-7590B98EB39B}
		{8543624A-EBBF-47DE-BDD4-3B50AA66D7FA} = {827E0CD3-B72D-47B6-A68D-7590B98EB39B}
		{148CFD1D-C49B-4FB1-BAB5-2966FAC30265} = {827E0CD3-B72D-47B6-A68D-7590B98EB39B}
		{6F1C1BAA-6515-4298-8344-80EEC64E03A7} = {827E0CD3-B72D-47B6-A68D-7590B98EB39B}
		{DEC42564-B709-439D-B340-442A058A8A5C} = {827E0CD3-B72D-47B6-A68D-7590B98EB39B}
		{DC88E888-3DC4-410A-BEAD-306D63972CE1} = {0AB3BF05-4346-4AA6-1389-037BE0695223}
		{0B7A13A9-F6DC-4875-B0F7-E9EC2853308C} = {0AB3BF05-4346-4AA6-1389-037BE0695223}
	EndGlobalSection
EndGlobal
